
Microsoft Visual Studio Solution File, Format Version 12.00
# Visual Studio Version 16
VisualStudioVersion = 16.0.31205.134
MinimumVisualStudioVersion = 10.0.40219.1
Project("{FAE04EC0-301F-11D3-BF4B-00C04F79EFBC}") = "ErogazioneMerendine", "ErogazioneMerendine\ErogazioneMerendine.csproj", "{4CCB7DEE-53F3-4027-AFC8-6EE5216CD440}"
EndProject
Global
	GlobalSection(SolutionConfigurationPlatforms) = preSolution
		Debug|Any CPU = Debug|Any CPU
		Release|Any CPU = Release|Any CPU
	EndGlobalSection
	GlobalSection(ProjectConfigurationPlatforms) = postSolution
		{4CCB7DEE-53F3-4027-AFC8-6EE5216CD440}.Debug|Any CPU.ActiveCfg = Debug|Any CPU
		{4CCB7DEE-53F3-4027-AFC8-6EE5216CD440}.Debug|Any CPU.Build.0 = Debug|Any CPU
		{4CCB7DEE-53F3-4027-AFC8-6EE5216CD440}.Release|Any CPU.ActiveCfg = Release|Any CPU
		{4CCB7DEE-53F3-4027-AFC8-6EE5216CD440}.Release|Any CPU.Build.0 = Release|Any CPU
	EndGlobalSection
	GlobalSection(SolutionProperties) = preSolution
		HideSolutionNode = FALSE
	EndGlobalSection
	GlobalSection(ExtensibilityGlobals) = postSolution
		SolutionGuid = {D4963088-AAFD-41CE-962D-8A054DEB01F3}
	EndGlobalSection
EndGlobal
